
Microsoft Visual Studio Solution File, Format Version 12.00
# Visual Studio Version 17
VisualStudioVersion = 17.1.32319.34
MinimumVisualStudioVersion = 10.0.40219.1
Project("{9A19103F-16F7-4668-BE54-9A1E7A4F7556}") = "pragmatic.programmer.tips.core", "pragmatic.programmer.tips.core\pragmatic.programmer.tips.core.csproj", "{1617E879-AD16-4063-A249-0FB440C7BF08}"
EndProject
Project("{9A19103F-16F7-4668-BE54-9A1E7A4F7556}") = "pragmatic.programmer.tips.cli", "pragmatic.programmer.tips.cli\pragmatic.programmer.tips.cli.csproj", "{4726660D-EA51-4570-A1AB-9FBF2212D243}"
EndProject
Project("{9A19103F-16F7-4668-BE54-9A1E7A4F7556}") = "pragmatic.programmer.tips.tests", "pragmatic.programmer.tips.tests\pragmatic.programmer.tips.tests.csproj", "{C051CD27-6A8A-421B-AC2B-5AED89E138C4}"
EndProject
Project("{FAE04EC0-301F-11D3-BF4B-00C04F79EFBC}") = "pragmatic.programmer.tips.api", "pragmatic.programmer.tips.api\pragmatic.programmer.tips.api.csproj", "{8746BA81-ABAE-4D6A-8E4A-BC435B7F4B86}"
EndProject
Project("{E24C65DC-7377-472B-9ABA-BC803B73C61A}") = "pragmatic.programmer.tips.client", "pragmatic.programmer.tips.client\", "{DC44A3F8-4562-4E6C-B17A-972E090AE111}"
	ProjectSection(WebsiteProperties) = preProject
		TargetFrameworkMoniker = ".NETFramework,Version%3Dv4.0"
		Debug.AspNetCompiler.VirtualPath = "/localhost_55133"
		Debug.AspNetCompiler.PhysicalPath = "pragmatic.programmer.tips.client\"
		Debug.AspNetCompiler.TargetPath = "PrecompiledWeb\localhost_55133\"
		Debug.AspNetCompiler.Updateable = "true"
		Debug.AspNetCompiler.ForceOverwrite = "true"
		Debug.AspNetCompiler.FixedNames = "false"
		Debug.AspNetCompiler.Debug = "True"
		Release.AspNetCompiler.VirtualPath = "/localhost_55133"
		Release.AspNetCompiler.PhysicalPath = "pragmatic.programmer.tips.client\"
		Release.AspNetCompiler.TargetPath = "PrecompiledWeb\localhost_55133\"
		Release.AspNetCompiler.Updateable = "true"
		Release.AspNetCompiler.ForceOverwrite = "true"
		Release.AspNetCompiler.FixedNames = "false"
		Release.AspNetCompiler.Debug = "False"
		VWDPort = "55133"
		SlnRelativePath = "pragmatic.programmer.tips.client\"
	EndProjectSection
EndProject
Global
	GlobalSection(SolutionConfigurationPlatforms) = preSolution
		Debug|Any CPU = Debug|Any CPU
		Release|Any CPU = Release|Any CPU
	EndGlobalSection
	GlobalSection(ProjectConfigurationPlatforms) = postSolution
		{1617E879-AD16-4063-A249-0FB440C7BF08}.Debug|Any CPU.ActiveCfg = Debug|Any CPU
		{1617E879-AD16-4063-A249-0FB440C7BF08}.Debug|Any CPU.Build.0 = Debug|Any CPU
		{1617E879-AD16-4063-A249-0FB440C7BF08}.Release|Any CPU.ActiveCfg = Release|Any CPU
		{1617E879-AD16-4063-A249-0FB440C7BF08}.Release|Any CPU.Build.0 = Release|Any CPU
		{4726660D-EA51-4570-A1AB-9FBF2212D243}.Debug|Any CPU.ActiveCfg = Debug|Any CPU
		{4726660D-EA51-4570-A1AB-9FBF2212D243}.Debug|Any CPU.Build.0 = Debug|Any CPU
		{4726660D-EA51-4570-A1AB-9FBF2212D243}.Release|Any CPU.ActiveCfg = Release|Any CPU
		{4726660D-EA51-4570-A1AB-9FBF2212D243}.Release|Any CPU.Build.0 = Release|Any CPU
		{C051CD27-6A8A-421B-AC2B-5AED89E138C4}.Debug|Any CPU.ActiveCfg = Debug|Any CPU
		{C051CD27-6A8A-421B-AC2B-5AED89E138C4}.Debug|Any CPU.Build.0 = Debug|Any CPU
		{C051CD27-6A8A-421B-AC2B-5AED89E138C4}.Release|Any CPU.ActiveCfg = Release|Any CPU
		{C051CD27-6A8A-421B-AC2B-5AED89E138C4}.Release|Any CPU.Build.0 = Release|Any CPU
		{8746BA81-ABAE-4D6A-8E4A-BC435B7F4B86}.Debug|Any CPU.ActiveCfg = Debug|Any CPU
		{8746BA81-ABAE-4D6A-8E4A-BC435B7F4B86}.Debug|Any CPU.Build.0 = Debug|Any CPU
		{8746BA81-ABAE-4D6A-8E4A-BC435B7F4B86}.Release|Any CPU.ActiveCfg = Release|Any CPU
		{8746BA81-ABAE-4D6A-8E4A-BC435B7F4B86}.Release|Any CPU.Build.0 = Release|Any CPU
		{DC44A3F8-4562-4E6C-B17A-972E090AE111}.Debug|Any CPU.ActiveCfg = Debug|Any CPU
		{DC44A3F8-4562-4E6C-B17A-972E090AE111}.Debug|Any CPU.Build.0 = Debug|Any CPU
		{DC44A3F8-4562-4E6C-B17A-972E090AE111}.Release|Any CPU.ActiveCfg = Debug|Any CPU
		{DC44A3F8-4562-4E6C-B17A-972E090AE111}.Release|Any CPU.Build.0 = Debug|Any CPU
	EndGlobalSection
	GlobalSection(SolutionProperties) = preSolution
		HideSolutionNode = FALSE
	EndGlobalSection
	GlobalSection(ExtensibilityGlobals) = postSolution
		SolutionGuid = {019DB2BB-7F14-4C74-A185-85F1B604C769}
	EndGlobalSection
EndGlobal
